
Microsoft Visual Studio Solution File, Format Version 12.00
# Visual Studio Version 17
VisualStudioVersion = 17.9.34723.18
MinimumVisualStudioVersion = 10.0.40219.1
Project("{FAE04EC0-301F-11D3-BF4B-00C04F79EFBC}") = "NLayer.Architecture.API", "NLayer.Architecture.API\NLayer.Architecture.API.csproj", "{1773EBA5-1497-48B8-B183-5DB2B8A3020B}"
EndProject
Project("{FAE04EC0-301F-11D3-BF4B-00C04F79EFBC}") = "NLayer.Architecture.Bussines", "NLayer.Architecture.Bussines\NLayer.Architecture.Bussines.csproj", "{629243C7-7035-4D3C-B634-3B810B3E7EC8}"
EndProject
Project("{FAE04EC0-301F-11D3-BF4B-00C04F79EFBC}") = "NLayer.Architecture.Bussines.Models", "NLayer.Architecture.Bussines.Models\NLayer.Architecture.Bussines.Models.csproj", "{8F3E51EB-3E7E-4FFD-97EF-7DBBDEA41787}"
EndProject
Project("{FAE04EC0-301F-11D3-BF4B-00C04F79EFBC}") = "NLayer.Architecture.Data", "NLayer.Architecture.Data\NLayer.Architecture.Data.csproj", "{77F52429-899E-4551-AD0D-BEB2797B7744}"
EndProject
Global
	GlobalSection(SolutionConfigurationPlatforms) = preSolution
		Debug|Any CPU = Debug|Any CPU
		Release|Any CPU = Release|Any CPU
	EndGlobalSection
	GlobalSection(ProjectConfigurationPlatforms) = postSolution
		{1773EBA5-1497-48B8-B183-5DB2B8A3020B}.Debug|Any CPU.ActiveCfg = Debug|Any CPU
		{1773EBA5-1497-48B8-B183-5DB2B8A3020B}.Debug|Any CPU.Build.0 = Debug|Any CPU
		{1773EBA5-1497-48B8-B183-5DB2B8A3020B}.Release|Any CPU.ActiveCfg = Release|Any CPU
		{1773EBA5-1497-48B8-B183-5DB2B8A3020B}.Release|Any CPU.Build.0 = Release|Any CPU
		{629243C7-7035-4D3C-B634-3B810B3E7EC8}.Debug|Any CPU.ActiveCfg = Debug|Any CPU
		{629243C7-7035-4D3C-B634-3B810B3E7EC8}.Debug|Any CPU.Build.0 = Debug|Any CPU
		{629243C7-7035-4D3C-B634-3B810B3E7EC8}.Release|Any CPU.ActiveCfg = Release|Any CPU
		{629243C7-7035-4D3C-B634-3B810B3E7EC8}.Release|Any CPU.Build.0 = Release|Any CPU
		{8F3E51EB-3E7E-4FFD-97EF-7DBBDEA41787}.Debug|Any CPU.ActiveCfg = Debug|Any CPU
		{8F3E51EB-3E7E-4FFD-97EF-7DBBDEA41787}.Debug|Any CPU.Build.0 = Debug|Any CPU
		{8F3E51EB-3E7E-4FFD-97EF-7DBBDEA41787}.Release|Any CPU.ActiveCfg = Release|Any CPU
		{8F3E51EB-3E7E-4FFD-97EF-7DBBDEA41787}.Release|Any CPU.Build.0 = Release|Any CPU
		{77F52429-899E-4551-AD0D-BEB2797B7744}.Debug|Any CPU.ActiveCfg = Debug|Any CPU
		{77F52429-899E-4551-AD0D-BEB2797B7744}.Debug|Any CPU.Build.0 = Debug|Any CPU
		{77F52429-899E-4551-AD0D-BEB2797B7744}.Release|Any CPU.ActiveCfg = Release|Any CPU
		{77F52429-899E-4551-AD0D-BEB2797B7744}.Release|Any CPU.Build.0 = Release|Any CPU
	EndGlobalSection
	GlobalSection(SolutionProperties) = preSolution
		HideSolutionNode = FALSE
	EndGlobalSection
	GlobalSection(ExtensibilityGlobals) = postSolution
		SolutionGuid = {28A2E471-B850-48CC-A6FD-5E6EB139A036}
	EndGlobalSection
EndGlobal
